// !$*UTF8*$!
{
	archiveVersion = 1;
	classes = {
	};
	objectVersion = 50;
	objects = {

/* Begin PBXBuildFile section */
		435D635C23754C37004286B8 /* Spruce.framework in Frameworks */ = {isa = PBXBuildFile; fileRef = 435D635B23754C36004286B8 /* Spruce.framework */; };
		435EEA32237179FC0077CF54 /* AnjayFramework.h in Headers */ = {isa = PBXBuildFile; fileRef = 435EEA30237179FC0077CF54 /* AnjayFramework.h */; settings = {ATTRIBUTES = (Public, ); }; };
		435EEA3923717A710077CF54 /* Anjay.swift in Sources */ = {isa = PBXBuildFile; fileRef = 435EEA3823717A710077CF54 /* Anjay.swift */; };
		4399AD6423824DB40090F9E9 /* AnjayFrameworkTests.swift in Sources */ = {isa = PBXBuildFile; fileRef = 4399AD6323824DB40090F9E9 /* AnjayFrameworkTests.swift */; };
		4399AD6623824DB40090F9E9 /* AnjayFramework.framework in Frameworks */ = {isa = PBXBuildFile; fileRef = 435EEA2D237179FC0077CF54 /* AnjayFramework.framework */; };
/* End PBXBuildFile section */

/* Begin PBXContainerItemProxy section */
		4399AD6723824DB40090F9E9 /* PBXContainerItemProxy */ = {
			isa = PBXContainerItemProxy;
			containerPortal = 435EEA24237179FC0077CF54 /* Project object */;
			proxyType = 1;
			remoteGlobalIDString = 435EEA2C237179FC0077CF54;
			remoteInfo = AnjayFramework;
		};
/* End PBXContainerItemProxy section */

/* Begin PBXFileReference section */
		435D635B23754C36004286B8 /* Spruce.framework */ = {isa = PBXFileReference; lastKnownFileType = wrapper.framework; name = Spruce.framework; path = Carthage/Build/iOS/Spruce.framework; sourceTree = "<group>"; };
		435EEA2D237179FC0077CF54 /* AnjayFramework.framework */ = {isa = PBXFileReference; explicitFileType = wrapper.framework; includeInIndex = 0; path = AnjayFramework.framework; sourceTree = BUILT_PRODUCTS_DIR; };
		435EEA30237179FC0077CF54 /* AnjayFramework.h */ = {isa = PBXFileReference; lastKnownFileType = sourcecode.c.h; path = AnjayFramework.h; sourceTree = "<group>"; };
		435EEA31237179FC0077CF54 /* Info.plist */ = {isa = PBXFileReference; lastKnownFileType = text.plist.xml; path = Info.plist; sourceTree = "<group>"; };
		435EEA3823717A710077CF54 /* Anjay.swift */ = {isa = PBXFileReference; lastKnownFileType = sourcecode.swift; path = Anjay.swift; sourceTree = "<group>"; };
		4399AD6123824DB40090F9E9 /* AnjayFrameworkTests.xctest */ = {isa = PBXFileReference; explicitFileType = wrapper.cfbundle; includeInIndex = 0; path = AnjayFrameworkTests.xctest; sourceTree = BUILT_PRODUCTS_DIR; };
		4399AD6323824DB40090F9E9 /* AnjayFrameworkTests.swift */ = {isa = PBXFileReference; lastKnownFileType = sourcecode.swift; path = AnjayFrameworkTests.swift; sourceTree = "<group>"; };
		4399AD6523824DB40090F9E9 /* Info.plist */ = {isa = PBXFileReference; lastKnownFileType = text.plist.xml; path = Info.plist; sourceTree = "<group>"; };
/* End PBXFileReference section */

/* Begin PBXFrameworksBuildPhase section */
		435EEA2A237179FC0077CF54 /* Frameworks */ = {
			isa = PBXFrameworksBuildPhase;
			buildActionMask = 2147483647;
			files = (
				435D635C23754C37004286B8 /* Spruce.framework in Frameworks */,
			);
			runOnlyForDeploymentPostprocessing = 0;
		};
		4399AD5E23824DB40090F9E9 /* Frameworks */ = {
			isa = PBXFrameworksBuildPhase;
			buildActionMask = 2147483647;
			files = (
				4399AD6623824DB40090F9E9 /* AnjayFramework.framework in Frameworks */,
			);
			runOnlyForDeploymentPostprocessing = 0;
		};
/* End PBXFrameworksBuildPhase section */

/* Begin PBXGroup section */
		435D635A23754C36004286B8 /* Frameworks */ = {
			isa = PBXGroup;
			children = (
				435D635B23754C36004286B8 /* Spruce.framework */,
			);
			name = Frameworks;
			sourceTree = "<group>";
		};
		435EEA23237179FC0077CF54 = {
			isa = PBXGroup;
			children = (
				435EEA2F237179FC0077CF54 /* AnjayFramework */,
				4399AD6223824DB40090F9E9 /* AnjayFrameworkTests */,
				435EEA2E237179FC0077CF54 /* Products */,
				435D635A23754C36004286B8 /* Frameworks */,
			);
			sourceTree = "<group>";
		};
		435EEA2E237179FC0077CF54 /* Products */ = {
			isa = PBXGroup;
			children = (
				435EEA2D237179FC0077CF54 /* AnjayFramework.framework */,
				4399AD6123824DB40090F9E9 /* AnjayFrameworkTests.xctest */,
			);
			name = Products;
			sourceTree = "<group>";
		};
		435EEA2F237179FC0077CF54 /* AnjayFramework */ = {
			isa = PBXGroup;
			children = (
				435EEA30237179FC0077CF54 /* AnjayFramework.h */,
				435EEA31237179FC0077CF54 /* Info.plist */,
				435EEA3823717A710077CF54 /* Anjay.swift */,
			);
			path = AnjayFramework;
			sourceTree = "<group>";
		};
		4399AD6223824DB40090F9E9 /* AnjayFrameworkTests */ = {
			isa = PBXGroup;
			children = (
				4399AD6323824DB40090F9E9 /* AnjayFrameworkTests.swift */,
				4399AD6523824DB40090F9E9 /* Info.plist */,
			);
			path = AnjayFrameworkTests;
			sourceTree = "<group>";
		};
/* End PBXGroup section */

/* Begin PBXHeadersBuildPhase section */
		435EEA28237179FC0077CF54 /* Headers */ = {
			isa = PBXHeadersBuildPhase;
			buildActionMask = 2147483647;
			files = (
				435EEA32237179FC0077CF54 /* AnjayFramework.h in Headers */,
			);
			runOnlyForDeploymentPostprocessing = 0;
		};
/* End PBXHeadersBuildPhase section */

/* Begin PBXNativeTarget section */
		435EEA2C237179FC0077CF54 /* AnjayFramework */ = {
			isa = PBXNativeTarget;
			buildConfigurationList = 435EEA35237179FC0077CF54 /* Build configuration list for PBXNativeTarget "AnjayFramework" */;
			buildPhases = (
				435EEA28237179FC0077CF54 /* Headers */,
				435EEA29237179FC0077CF54 /* Sources */,
				435EEA2A237179FC0077CF54 /* Frameworks */,
				435EEA2B237179FC0077CF54 /* Resources */,
				435D635F23754C3D004286B8 /* Run Carthage */,
			);
			buildRules = (
			);
			dependencies = (
			);
			name = AnjayFramework;
			productName = AnjayFramework;
			productReference = 435EEA2D237179FC0077CF54 /* AnjayFramework.framework */;
			productType = "com.apple.product-type.framework";
		};
		4399AD6023824DB40090F9E9 /* AnjayFrameworkTests */ = {
			isa = PBXNativeTarget;
			buildConfigurationList = 4399AD6B23824DB40090F9E9 /* Build configuration list for PBXNativeTarget "AnjayFrameworkTests" */;
			buildPhases = (
				4399AD5D23824DB40090F9E9 /* Sources */,
				4399AD5E23824DB40090F9E9 /* Frameworks */,
				4399AD5F23824DB40090F9E9 /* Resources */,
			);
			buildRules = (
			);
			dependencies = (
				4399AD6823824DB40090F9E9 /* PBXTargetDependency */,
			);
			name = AnjayFrameworkTests;
			productName = AnjayFrameworkTests;
			productReference = 4399AD6123824DB40090F9E9 /* AnjayFrameworkTests.xctest */;
			productType = "com.apple.product-type.bundle.unit-test";
		};
/* End PBXNativeTarget section */

/* Begin PBXProject section */
		435EEA24237179FC0077CF54 /* Project object */ = {
			isa = PBXProject;
			attributes = {
				LastSwiftUpdateCheck = 1110;
				LastUpgradeCheck = 1110;
				ORGANIZATIONNAME = "Krisnandika Aji";
				TargetAttributes = {
					435EEA2C237179FC0077CF54 = {
						CreatedOnToolsVersion = 11.1;
						LastSwiftMigration = 1110;
					};
					4399AD6023824DB40090F9E9 = {
						CreatedOnToolsVersion = 11.1;
					};
				};
			};
			buildConfigurationList = 435EEA27237179FC0077CF54 /* Build configuration list for PBXProject "AnjayFramework" */;
			compatibilityVersion = "Xcode 9.3";
			developmentRegion = en;
			hasScannedForEncodings = 0;
			knownRegions = (
				en,
				Base,
			);
			mainGroup = 435EEA23237179FC0077CF54;
			productRefGroup = 435EEA2E237179FC0077CF54 /* Products */;
			projectDirPath = "";
			projectRoot = "";
			targets = (
				435EEA2C237179FC0077CF54 /* AnjayFramework */,
				4399AD6023824DB40090F9E9 /* AnjayFrameworkTests */,
			);
		};
/* End PBXProject section */

/* Begin PBXResourcesBuildPhase section */
		435EEA2B237179FC0077CF54 /* Resources */ = {
			isa = PBXResourcesBuildPhase;
			buildActionMask = 2147483647;
			files = (
			);
			runOnlyForDeploymentPostprocessing = 0;
		};
		4399AD5F23824DB40090F9E9 /* Resources */ = {
			isa = PBXResourcesBuildPhase;
			buildActionMask = 2147483647;
			files = (
			);
			runOnlyForDeploymentPostprocessing = 0;
		};
/* End PBXResourcesBuildPhase section */

/* Begin PBXShellScriptBuildPhase section */
		435D635F23754C3D004286B8 /* Run Carthage */ = {
			isa = PBXShellScriptBuildPhase;
			buildActionMask = 2147483647;
			files = (
			);
			inputFileListPaths = (
			);
			inputPaths = (
				"$(SRCROOT)/Carthage/Build/iOS/Spruce.framework",
			);
			name = "Run Carthage";
			outputFileListPaths = (
			);
			outputPaths = (
				"$(BUILT_PRODUCTS_DIR)/$(FRAMEWORKS_FOLDER_PATH)/Spruce.framework",
			);
			runOnlyForDeploymentPostprocessing = 0;
			shellPath = /bin/sh;
			shellScript = "# Type a script or drag a script file from your workspace to insert its path.\n/usr/local/bin/carthage copy-frameworks\n";
		};
/* End PBXShellScriptBuildPhase section */

/* Begin PBXSourcesBuildPhase section */
		435EEA29237179FC0077CF54 /* Sources */ = {
			isa = PBXSourcesBuildPhase;
			buildActionMask = 2147483647;
			files = (
				435EEA3923717A710077CF54 /* Anjay.swift in Sources */,
			);
			runOnlyForDeploymentPostprocessing = 0;
		};
		4399AD5D23824DB40090F9E9 /* Sources */ = {
			isa = PBXSourcesBuildPhase;
			buildActionMask = 2147483647;
			files = (
				4399AD6423824DB40090F9E9 /* AnjayFrameworkTests.swift in Sources */,
			);
			runOnlyForDeploymentPostprocessing = 0;
		};
/* End PBXSourcesBuildPhase section */

/* Begin PBXTargetDependency section */
		4399AD6823824DB40090F9E9 /* PBXTargetDependency */ = {
			isa = PBXTargetDependency;
			target = 435EEA2C237179FC0077CF54 /* AnjayFramework */;
			targetProxy = 4399AD6723824DB40090F9E9 /* PBXContainerItemProxy */;
		};
/* End PBXTargetDependency section */

/* Begin XCBuildConfiguration section */
		435EEA33237179FC0077CF54 /* Debug */ = {
			isa = XCBuildConfiguration;
			buildSettings = {
				ALWAYS_SEARCH_USER_PATHS = NO;
				CLANG_ANALYZER_NONNULL = YES;
				CLANG_ANALYZER_NUMBER_OBJECT_CONVERSION = YES_AGGRESSIVE;
				CLANG_CXX_LANGUAGE_STANDARD = "gnu++14";
				CLANG_CXX_LIBRARY = "libc++";
				CLANG_ENABLE_MODULES = YES;
				CLANG_ENABLE_OBJC_ARC = YES;
				CLANG_ENABLE_OBJC_WEAK = YES;
				CLANG_WARN_BLOCK_CAPTURE_AUTORELEASING = YES;
				CLANG_WARN_BOOL_CONVERSION = YES;
				CLANG_WARN_COMMA = YES;
				CLANG_WARN_CONSTANT_CONVERSION = YES;
				CLANG_WARN_DEPRECATED_OBJC_IMPLEMENTATIONS = YES;
				CLANG_WARN_DIRECT_OBJC_ISA_USAGE = YES_ERROR;
				CLANG_WARN_DOCUMENTATION_COMMENTS = YES;
				CLANG_WARN_EMPTY_BODY = YES;
				CLANG_WARN_ENUM_CONVERSION = YES;
				CLANG_WARN_INFINITE_RECURSION = YES;
				CLANG_WARN_INT_CONVERSION = YES;
				CLANG_WARN_NON_LITERAL_NULL_CONVERSION = YES;
				CLANG_WARN_OBJC_IMPLICIT_RETAIN_SELF = YES;
				CLANG_WARN_OBJC_LITERAL_CONVERSION = YES;
				CLANG_WARN_OBJC_ROOT_CLASS = YES_ERROR;
				CLANG_WARN_RANGE_LOOP_ANALYSIS = YES;
				CLANG_WARN_STRICT_PROTOTYPES = YES;
				CLANG_WARN_SUSPICIOUS_MOVE = YES;
				CLANG_WARN_UNGUARDED_AVAILABILITY = YES_AGGRESSIVE;
				CLANG_WARN_UNREACHABLE_CODE = YES;
				CLANG_WARN__DUPLICATE_METHOD_MATCH = YES;
				COPY_PHASE_STRIP = NO;
				CURRENT_PROJECT_VERSION = 1;
				DEBUG_INFORMATION_FORMAT = dwarf;
				ENABLE_STRICT_OBJC_MSGSEND = YES;
				ENABLE_TESTABILITY = YES;
				GCC_C_LANGUAGE_STANDARD = gnu11;
				GCC_DYNAMIC_NO_PIC = NO;
				GCC_NO_COMMON_BLOCKS = YES;
				GCC_OPTIMIZATION_LEVEL = 0;
				GCC_PREPROCESSOR_DEFINITIONS = (
					"DEBUG=1",
					"$(inherited)",
				);
				GCC_WARN_64_TO_32_BIT_CONVERSION = YES;
				GCC_WARN_ABOUT_RETURN_TYPE = YES_ERROR;
				GCC_WARN_UNDECLARED_SELECTOR = YES;
				GCC_WARN_UNINITIALIZED_AUTOS = YES_AGGRESSIVE;
				GCC_WARN_UNUSED_FUNCTION = YES;
				GCC_WARN_UNUSED_VARIABLE = YES;
				IPHONEOS_DEPLOYMENT_TARGET = 13.1;
				MTL_ENABLE_DEBUG_INFO = INCLUDE_SOURCE;
				MTL_FAST_MATH = YES;
				ONLY_ACTIVE_ARCH = YES;
				SDKROOT = iphoneos;
				SWIFT_ACTIVE_COMPILATION_CONDITIONS = DEBUG;
				SWIFT_OPTIMIZATION_LEVEL = "-Onone";
				VERSIONING_SYSTEM = "apple-generic";
				VERSION_INFO_PREFIX = "";
			};
			name = Debug;
		};
		435EEA34237179FC0077CF54 /* Release */ = {
			isa = XCBuildConfiguration;
			buildSettings = {
				ALWAYS_SEARCH_USER_PATHS = NO;
				CLANG_ANALYZER_NONNULL = YES;
				CLANG_ANALYZER_NUMBER_OBJECT_CONVERSION = YES_AGGRESSIVE;
				CLANG_CXX_LANGUAGE_STANDARD = "gnu++14";
				CLANG_CXX_LIBRARY = "libc++";
				CLANG_ENABLE_MODULES = YES;
				CLANG_ENABLE_OBJC_ARC = YES;
				CLANG_ENABLE_OBJC_WEAK = YES;
				CLANG_WARN_BLOCK_CAPTURE_AUTORELEASING = YES;
				CLANG_WARN_BOOL_CONVERSION = YES;
				CLANG_WARN_COMMA = YES;
				CLANG_WARN_CONSTANT_CONVERSION = YES;
				CLANG_WARN_DEPRECATED_OBJC_IMPLEMENTATIONS = YES;
				CLANG_WARN_DIRECT_OBJC_ISA_USAGE = YES_ERROR;
				CLANG_WARN_DOCUMENTATION_COMMENTS = YES;
				CLANG_WARN_EMPTY_BODY = YES;
				CLANG_WARN_ENUM_CONVERSION = YES;
				CLANG_WARN_INFINITE_RECURSION = YES;
				CLANG_WARN_INT_CONVERSION = YES;
				CLANG_WARN_NON_LITERAL_NULL_CONVERSION = YES;
				CLANG_WARN_OBJC_IMPLICIT_RETAIN_SELF = YES;
				CLANG_WARN_OBJC_LITERAL_CONVERSION = YES;
				CLANG_WARN_OBJC_ROOT_CLASS = YES_ERROR;
				CLANG_WARN_RANGE_LOOP_ANALYSIS = YES;
				CLANG_WARN_STRICT_PROTOTYPES = YES;
				CLANG_WARN_SUSPICIOUS_MOVE = YES;
				CLANG_WARN_UNGUARDED_AVAILABILITY = YES_AGGRESSIVE;
				CLANG_WARN_UNREACHABLE_CODE = YES;
				CLANG_WARN__DUPLICATE_METHOD_MATCH = YES;
				COPY_PHASE_STRIP = NO;
				CURRENT_PROJECT_VERSION = 1;
				DEBUG_INFORMATION_FORMAT = "dwarf-with-dsym";
				ENABLE_NS_ASSERTIONS = NO;
				ENABLE_STRICT_OBJC_MSGSEND = YES;
				GCC_C_LANGUAGE_STANDARD = gnu11;
				GCC_NO_COMMON_BLOCKS = YES;
				GCC_WARN_64_TO_32_BIT_CONVERSION = YES;
				GCC_WARN_ABOUT_RETURN_TYPE = YES_ERROR;
				GCC_WARN_UNDECLARED_SELECTOR = YES;
				GCC_WARN_UNINITIALIZED_AUTOS = YES_AGGRESSIVE;
				GCC_WARN_UNUSED_FUNCTION = YES;
				GCC_WARN_UNUSED_VARIABLE = YES;
				IPHONEOS_DEPLOYMENT_TARGET = 13.1;
				MTL_ENABLE_DEBUG_INFO = NO;
				MTL_FAST_MATH = YES;
				SDKROOT = iphoneos;
				SWIFT_COMPILATION_MODE = wholemodule;
				SWIFT_OPTIMIZATION_LEVEL = "-O";
				VALIDATE_PRODUCT = YES;
				VERSIONING_SYSTEM = "apple-generic";
				VERSION_INFO_PREFIX = "";
			};
			name = Release;
		};
		435EEA36237179FC0077CF54 /* Debug */ = {
			isa = XCBuildConfiguration;
			buildSettings = {
				CLANG_ENABLE_MODULES = YES;
				CODE_SIGN_STYLE = Automatic;
				DEFINES_MODULE = YES;
				DEVELOPMENT_TEAM = Z89RD4GLMJ;
				DYLIB_COMPATIBILITY_VERSION = 1;
				DYLIB_CURRENT_VERSION = 1;
				DYLIB_INSTALL_NAME_BASE = "@rpath";
				FRAMEWORK_SEARCH_PATHS = (
					"$(inherited)",
					"$(PROJECT_DIR)/Carthage/Build/iOS",
				);
				INFOPLIST_FILE = AnjayFramework/Info.plist;
				INSTALL_PATH = "$(LOCAL_LIBRARY_DIR)/Frameworks";
				IPHONEOS_DEPLOYMENT_TARGET = 11.0;
				LD_RUNPATH_SEARCH_PATHS = (
					"$(inherited)",
					"@executable_path/Frameworks",
					"@loader_path/Frameworks",
				);
				PRODUCT_BUNDLE_IDENTIFIER = com.rgb.AnjayFramework;
				PRODUCT_NAME = "$(TARGET_NAME:c99extidentifier)";
				SKIP_INSTALL = YES;
				SUPPORTS_MACCATALYST = NO;
				SWIFT_OPTIMIZATION_LEVEL = "-Onone";
				SWIFT_VERSION = 5.0;
				TARGETED_DEVICE_FAMILY = 1;
			};
			name = Debug;
		};
		435EEA37237179FC0077CF54 /* Release */ = {
			isa = XCBuildConfiguration;
			buildSettings = {
				CLANG_ENABLE_MODULES = YES;
				CODE_SIGN_STYLE = Automatic;
				DEFINES_MODULE = YES;
				DEVELOPMENT_TEAM = Z89RD4GLMJ;
				DYLIB_COMPATIBILITY_VERSION = 1;
				DYLIB_CURRENT_VERSION = 1;
				DYLIB_INSTALL_NAME_BASE = "@rpath";
				FRAMEWORK_SEARCH_PATHS = (
					"$(inherited)",
					"$(PROJECT_DIR)/Carthage/Build/iOS",
				);
				INFOPLIST_FILE = AnjayFramework/Info.plist;
				INSTALL_PATH = "$(LOCAL_LIBRARY_DIR)/Frameworks";
				IPHONEOS_DEPLOYMENT_TARGET = 11.0;
				LD_RUNPATH_SEARCH_PATHS = (
					"$(inherited)",
					"@executable_path/Frameworks",
					"@loader_path/Frameworks",
				);
				PRODUCT_BUNDLE_IDENTIFIER = com.rgb.AnjayFramework;
				PRODUCT_NAME = "$(TARGET_NAME:c99extidentifier)";
				SKIP_INSTALL = YES;
				SUPPORTS_MACCATALYST = NO;
				SWIFT_VERSION = 5.0;
				TARGETED_DEVICE_FAMILY = 1;
			};
			name = Release;
		};
		4399AD6923824DB40090F9E9 /* Debug */ = {
			isa = XCBuildConfiguration;
			buildSettings = {
				CODE_SIGN_STYLE = Automatic;
				DEVELOPMENT_TEAM = Z89RD4GLMJ;
				INFOPLIST_FILE = AnjayFrameworkTests/Info.plist;
				LD_RUNPATH_SEARCH_PATHS = (
					"$(inherited)",
					"@executable_path/Frameworks",
					"@loader_path/Frameworks",
				);
				PRODUCT_BUNDLE_IDENTIFIER = com.anjay.AnjayFrameworkTests;
				PRODUCT_NAME = "$(TARGET_NAME)";
				SWIFT_VERSION = 5.0;
				TARGETED_DEVICE_FAMILY = "1,2";
			};
			name = Debug;
		};
		4399AD6A23824DB40090F9E9 /* Release */ = {
			isa = XCBuildConfiguration;
			buildSettings = {
				CODE_SIGN_STYLE = Automatic;
				DEVELOPMENT_TEAM = Z89RD4GLMJ;
				INFOPLIST_FILE = AnjayFrameworkTests/Info.plist;
				LD_RUNPATH_SEARCH_PATHS = (
					"$(inherited)",
					"@executable_path/Frameworks",
					"@loader_path/Frameworks",
				);
				PRODUCT_BUNDLE_IDENTIFIER = com.anjay.AnjayFrameworkTests;
				PRODUCT_NAME = "$(TARGET_NAME)";
				SWIFT_VERSION = 5.0;
				TARGETED_DEVICE_FAMILY = "1,2";
			};
			name = Release;
		};
/* End XCBuildConfiguration section */

/* Begin XCConfigurationList section */
		435EEA27237179FC0077CF54 /* Build configuration list for PBXProject "AnjayFramework" */ = {
			isa = XCConfigurationList;
			buildConfigurations = (
				435EEA33237179FC0077CF54 /* Debug */,
				435EEA34237179FC0077CF54 /* Release */,
			);
			defaultConfigurationIsVisible = 0;
			defaultConfigurationName = Release;
		};
		435EEA35237179FC0077CF54 /* Build configuration list for PBXNativeTarget "AnjayFramework" */ = {
			isa = XCConfigurationList;
			buildConfigurations = (
				435EEA36237179FC0077CF54 /* Debug */,
				435EEA37237179FC0077CF54 /* Release */,
			);
			defaultConfigurationIsVisible = 0;
			defaultConfigurationName = Release;
		};
		4399AD6B23824DB40090F9E9 /* Build configuration list for PBXNativeTarget "AnjayFrameworkTests" */ = {
			isa = XCConfigurationList;
			buildConfigurations = (
				4399AD6923824DB40090F9E9 /* Debug */,
				4399AD6A23824DB40090F9E9 /* Release */,
			);
			defaultConfigurationIsVisible = 0;
			defaultConfigurationName = Release;
		};
/* End XCConfigurationList section */
	};
	rootObject = 435EEA24237179FC0077CF54 /* Project object */;
}
